
Microsoft Visual Studio Solution File, Format Version 12.00
# Visual Studio 14
VisualStudioVersion = 14.0.25420.1
MinimumVisualStudioVersion = 10.0.40219.1
Project("{FAE04EC0-301F-11D3-BF4B-00C04F79EFBC}") = "UI", "UI\UI.csproj", "{2CD9F158-258E-4D6D-95F7-5019F0CD8B12}"
EndProject
Project("{FAE04EC0-301F-11D3-BF4B-00C04F79EFBC}") = "Framework.Data", "Framework.Data\Framework.Data.csproj", "{628F7767-0252-4A1A-8076-ABF92A67C62D}"
EndProject
Project("{FAE04EC0-301F-11D3-BF4B-00C04F79EFBC}") = "Framework.Security", "Framework.Security\Framework.Security.csproj", "{C2853BA1-FE9A-4F1E-8F1F-5357B5E237F8}"
EndProject
Project("{FAE04EC0-301F-11D3-BF4B-00C04F79EFBC}") = "Framework.UI.Web", "Framework.UI.Web\Framework.UI.Web.csproj", "{8F15F82A-F24A-498B-96BA-5A1569FC5330}"
EndProject
Project("{FAE04EC0-301F-11D3-BF4B-00C04F79EFBC}") = "Framework.Util", "Framework.Util\Framework.Util.csproj", "{316C31A0-0E22-4D81-A327-D075FDAB1BDF}"
EndProject
Project("{FAE04EC0-301F-11D3-BF4B-00C04F79EFBC}") = "Framework.Interop", "Framework.Interop\Framework.Interop.csproj", "{F3F674B7-4641-43F0-8216-12C07C89F149}"
EndProject
Project("{FAE04EC0-301F-11D3-BF4B-00C04F79EFBC}") = "BIM.Model", "BIM.Model\BIM.Model.csproj", "{194C267D-9ABC-4D78-829D-2C0C7F3C2B34}"
EndProject
Project("{FAE04EC0-301F-11D3-BF4B-00C04F79EFBC}") = "BIM.BLL", "BIM.BLL\BIM.BLL.csproj", "{B8278C6D-F163-4B47-B297-664677629DF9}"
EndProject
Project("{FAE04EC0-301F-11D3-BF4B-00C04F79EFBC}") = "BIM.DAL", "BIM.DAL\BIM.DAL.csproj", "{2ED07E57-CAEE-4140-B6DA-972259097072}"
EndProject
Global
	GlobalSection(SolutionConfigurationPlatforms) = preSolution
		Debug|Any CPU = Debug|Any CPU
		Release|Any CPU = Release|Any CPU
	EndGlobalSection
	GlobalSection(ProjectConfigurationPlatforms) = postSolution
		{2CD9F158-258E-4D6D-95F7-5019F0CD8B12}.Debug|Any CPU.ActiveCfg = Debug|Any CPU
		{2CD9F158-258E-4D6D-95F7-5019F0CD8B12}.Debug|Any CPU.Build.0 = Debug|Any CPU
		{2CD9F158-258E-4D6D-95F7-5019F0CD8B12}.Release|Any CPU.ActiveCfg = Release|Any CPU
		{2CD9F158-258E-4D6D-95F7-5019F0CD8B12}.Release|Any CPU.Build.0 = Release|Any CPU
		{628F7767-0252-4A1A-8076-ABF92A67C62D}.Debug|Any CPU.ActiveCfg = Debug|Any CPU
		{628F7767-0252-4A1A-8076-ABF92A67C62D}.Debug|Any CPU.Build.0 = Debug|Any CPU
		{628F7767-0252-4A1A-8076-ABF92A67C62D}.Release|Any CPU.ActiveCfg = Release|Any CPU
		{628F7767-0252-4A1A-8076-ABF92A67C62D}.Release|Any CPU.Build.0 = Release|Any CPU
		{C2853BA1-FE9A-4F1E-8F1F-5357B5E237F8}.Debug|Any CPU.ActiveCfg = Debug|Any CPU
		{C2853BA1-FE9A-4F1E-8F1F-5357B5E237F8}.Debug|Any CPU.Build.0 = Debug|Any CPU
		{C2853BA1-FE9A-4F1E-8F1F-5357B5E237F8}.Release|Any CPU.ActiveCfg = Release|Any CPU
		{C2853BA1-FE9A-4F1E-8F1F-5357B5E237F8}.Release|Any CPU.Build.0 = Release|Any CPU
		{8F15F82A-F24A-498B-96BA-5A1569FC5330}.Debug|Any CPU.ActiveCfg = Debug|Any CPU
		{8F15F82A-F24A-498B-96BA-5A1569FC5330}.Debug|Any CPU.Build.0 = Debug|Any CPU
		{8F15F82A-F24A-498B-96BA-5A1569FC5330}.Release|Any CPU.ActiveCfg = Release|Any CPU
		{8F15F82A-F24A-498B-96BA-5A1569FC5330}.Release|Any CPU.Build.0 = Release|Any CPU
		{316C31A0-0E22-4D81-A327-D075FDAB1BDF}.Debug|Any CPU.ActiveCfg = Debug|Any CPU
		{316C31A0-0E22-4D81-A327-D075FDAB1BDF}.Debug|Any CPU.Build.0 = Debug|Any CPU
		{316C31A0-0E22-4D81-A327-D075FDAB1BDF}.Release|Any CPU.ActiveCfg = Release|Any CPU
		{316C31A0-0E22-4D81-A327-D075FDAB1BDF}.Release|Any CPU.Build.0 = Release|Any CPU
		{F3F674B7-4641-43F0-8216-12C07C89F149}.Debug|Any CPU.ActiveCfg = Debug|Any CPU
		{F3F674B7-4641-43F0-8216-12C07C89F149}.Debug|Any CPU.Build.0 = Debug|Any CPU
		{F3F674B7-4641-43F0-8216-12C07C89F149}.Release|Any CPU.ActiveCfg = Release|Any CPU
		{F3F674B7-4641-43F0-8216-12C07C89F149}.Release|Any CPU.Build.0 = Release|Any CPU
		{194C267D-9ABC-4D78-829D-2C0C7F3C2B34}.Debug|Any CPU.ActiveCfg = Debug|Any CPU
		{194C267D-9ABC-4D78-829D-2C0C7F3C2B34}.Debug|Any CPU.Build.0 = Debug|Any CPU
		{194C267D-9ABC-4D78-829D-2C0C7F3C2B34}.Release|Any CPU.ActiveCfg = Release|Any CPU
		{194C267D-9ABC-4D78-829D-2C0C7F3C2B34}.Release|Any CPU.Build.0 = Release|Any CPU
		{B8278C6D-F163-4B47-B297-664677629DF9}.Debug|Any CPU.ActiveCfg = Debug|Any CPU
		{B8278C6D-F163-4B47-B297-664677629DF9}.Debug|Any CPU.Build.0 = Debug|Any CPU
		{B8278C6D-F163-4B47-B297-664677629DF9}.Release|Any CPU.ActiveCfg = Release|Any CPU
		{B8278C6D-F163-4B47-B297-664677629DF9}.Release|Any CPU.Build.0 = Release|Any CPU
		{2ED07E57-CAEE-4140-B6DA-972259097072}.Debug|Any CPU.ActiveCfg = Debug|Any CPU
		{2ED07E57-CAEE-4140-B6DA-972259097072}.Debug|Any CPU.Build.0 = Debug|Any CPU
		{2ED07E57-CAEE-4140-B6DA-972259097072}.Release|Any CPU.ActiveCfg = Release|Any CPU
		{2ED07E57-CAEE-4140-B6DA-972259097072}.Release|Any CPU.Build.0 = Release|Any CPU
	EndGlobalSection
	GlobalSection(SolutionProperties) = preSolution
		HideSolutionNode = FALSE
	EndGlobalSection
EndGlobal
